
Microsoft Visual Studio Solution File, Format Version 11.00
# Visual Studio 2010
Project("{8BC9CEB8-8B4A-11D0-8D11-00A0C91BC942}") = "GLeeLib", "VC++Projects\GLeeLib\GLeeLib.vcxproj", "{5CB3C044-3B90-4915-92A5-02B174C790AC}"
EndProject
Project("{8BC9CEB8-8B4A-11D0-8D11-00A0C91BC942}") = "KazmathLib", "VC++Projects\KazmathLib\KazmathLib.vcxproj", "{DCE7C7CB-A782-41EC-BBF1-BAB80E52E8A2}"
EndProject
Project("{8BC9CEB8-8B4A-11D0-8D11-00A0C91BC942}") = "ch10_frustum_culling", "VC++Projects\ch10_frustum_culling\ch10_frustum_culling.vcxproj", "{9473E46E-B397-4D10-A20C-B75F7E9BD796}"
	ProjectSection(ProjectDependencies) = postProject
		{5CB3C044-3B90-4915-92A5-02B174C790AC} = {5CB3C044-3B90-4915-92A5-02B174C790AC}
	EndProjectSection
EndProject
Project("{8BC9CEB8-8B4A-11D0-8D11-00A0C91BC942}") = "ch11_freetype_fonts", "VC++Projects\ch11_freetype_fonts\ch11_freetype_fonts.vcxproj", "{B47C602F-B127-495B-A31B-1751DA6A9A87}"
	ProjectSection(ProjectDependencies) = postProject
		{5CB3C044-3B90-4915-92A5-02B174C790AC} = {5CB3C044-3B90-4915-92A5-02B174C790AC}
	EndProjectSection
EndProject
Project("{8BC9CEB8-8B4A-11D0-8D11-00A0C91BC942}") = "ch11_texturemapped_fonts", "VC++Projects\ch11_texturemapped_fonts\ch11_texturemapped_fonts.vcxproj", "{9C25EBBB-12A4-4CAE-BE99-8C5456D80711}"
	ProjectSection(ProjectDependencies) = postProject
		{5CB3C044-3B90-4915-92A5-02B174C790AC} = {5CB3C044-3B90-4915-92A5-02B174C790AC}
	EndProjectSection
EndProject
Project("{8BC9CEB8-8B4A-11D0-8D11-00A0C91BC942}") = "ch12_stencil_reflection", "VC++Projects\ch12_stencil_reflection\ch12_stencil_reflection.vcxproj", "{74869FB3-31FA-4395-9743-BBD574F2E6A4}"
	ProjectSection(ProjectDependencies) = postProject
		{5CB3C044-3B90-4915-92A5-02B174C790AC} = {5CB3C044-3B90-4915-92A5-02B174C790AC}
	EndProjectSection
EndProject
Project("{8BC9CEB8-8B4A-11D0-8D11-00A0C91BC942}") = "ch08_spot_light", "VC++Projects\ch08_spot_light\ch08_spot_light.vcxproj", "{357E6993-1969-4B46-93E8-646C6DF58CB8}"
	ProjectSection(ProjectDependencies) = postProject
		{5CB3C044-3B90-4915-92A5-02B174C790AC} = {5CB3C044-3B90-4915-92A5-02B174C790AC}
	EndProjectSection
EndProject
Project("{8BC9CEB8-8B4A-11D0-8D11-00A0C91BC942}") = "ch01_simple", "VC++Projects\ch01_simple\ch01_simple.vcxproj", "{48B621E5-F6DD-4601-8636-D525292FB6C0}"
EndProject
Project("{8BC9CEB8-8B4A-11D0-8D11-00A0C91BC942}") = "ch02_first_app", "VC++Projects\ch02_first_app\ch02_first_app.vcxproj", "{CA6F8B6F-36DD-4D1D-8936-9A3D06FE59A9}"
EndProject
Project("{8BC9CEB8-8B4A-11D0-8D11-00A0C91BC942}") = "ch03_draw_arrays", "VC++Projects\ch03_draw_arrays\ch03_draw_arrays.vcxproj", "{B363A8BD-471D-49A3-B21E-7FE09B94756B}"
EndProject
Project("{8BC9CEB8-8B4A-11D0-8D11-00A0C91BC942}") = "ch03_lines", "VC++Projects\ch03_lines\ch03_lines.vcxproj", "{7B544B92-EC6F-4492-B439-B601E4859D0C}"
EndProject
Project("{8BC9CEB8-8B4A-11D0-8D11-00A0C91BC942}") = "ch03_pointy_example", "VC++Projects\ch03_pointy_example\ch03_pointy_example.vcxproj", "{7AE2E09C-35B3-410B-99A9-8EA8445E033E}"
EndProject
Project("{8BC9CEB8-8B4A-11D0-8D11-00A0C91BC942}") = "ch03_polygon_mode", "VC++Projects\ch03_polygon_mode\ch03_polygon_mode.vcxproj", "{61B21038-3E4A-4FD2-A591-732C56E7C5A0}"
EndProject
Project("{8BC9CEB8-8B4A-11D0-8D11-00A0C91BC942}") = "ch03_shared_vertices", "VC++Projects\ch03_shared_vertices\ch03_shared_vertices.vcxproj", "{57D6B5DB-F74E-4345-BE52-E5BE2084C7B5}"
EndProject
Project("{8BC9CEB8-8B4A-11D0-8D11-00A0C91BC942}") = "ch03_simple_line", "VC++Projects\ch03_simple_line\ch03_simple_line.vcxproj", "{958B2738-A807-4010-B1BB-A9D0B3B65141}"
EndProject
Project("{8BC9CEB8-8B4A-11D0-8D11-00A0C91BC942}") = "ch03_simple_point", "VC++Projects\ch03_simple_point\ch03_simple_point.vcxproj", "{BF26000A-9D11-4186-BB5A-1BA2806C013D}"
EndProject
Project("{8BC9CEB8-8B4A-11D0-8D11-00A0C91BC942}") = "ch03_simple_triangle", "VC++Projects\ch03_simple_triangle\ch03_simple_triangle.vcxproj", "{514B2F1F-60F7-4FE7-95F0-325595F0C052}"
EndProject
Project("{8BC9CEB8-8B4A-11D0-8D11-00A0C91BC942}") = "ch04_projection_example", "VC++Projects\ch04_projection_example\ch04_projection_example.vcxproj", "{9FBF31CD-005F-4C5E-BE03-F8A314162A11}"
EndProject
Project("{8BC9CEB8-8B4A-11D0-8D11-00A0C91BC942}") = "ch04_robot_example", "VC++Projects\ch04_robot_example\ch04_robot_example.vcxproj", "{0E371323-4420-4B57-B72B-57DF186D130A}"
	ProjectSection(ProjectDependencies) = postProject
		{5CB3C044-3B90-4915-92A5-02B174C790AC} = {5CB3C044-3B90-4915-92A5-02B174C790AC}
	EndProjectSection
EndProject
Project("{8BC9CEB8-8B4A-11D0-8D11-00A0C91BC942}") = "ch04_square_rotation", "VC++Projects\ch04_square_rotation\ch04_square_rotation.vcxproj", "{92C901A4-796F-40C0-B784-EEA0F4300582}"
EndProject
Project("{8BC9CEB8-8B4A-11D0-8D11-00A0C91BC942}") = "ch04_square_scaling", "VC++Projects\ch04_square_scaling\ch04_square_scaling.vcxproj", "{BDA5AE6F-BA37-488C-B74F-F050D8ED186F}"
EndProject
Project("{8BC9CEB8-8B4A-11D0-8D11-00A0C91BC942}") = "ch04_square_translation", "VC++Projects\ch04_square_translation\ch04_square_translation.vcxproj", "{41DCAAB9-ED69-4514-9C3A-B6C383325208}"
EndProject
Project("{8BC9CEB8-8B4A-11D0-8D11-00A0C91BC942}") = "ch05_terrain_extensions_glee", "VC++Projects\ch05_terrain_extensions_glee\ch05_terrain_extensions_glee.vcxproj", "{883FA48A-2E20-4032-B8A8-C4B47A02413D}"
	ProjectSection(ProjectDependencies) = postProject
		{5CB3C044-3B90-4915-92A5-02B174C790AC} = {5CB3C044-3B90-4915-92A5-02B174C790AC}
	EndProjectSection
EndProject
Project("{8BC9CEB8-8B4A-11D0-8D11-00A0C91BC942}") = "ch05_terrain_extensions_manual", "VC++Projects\ch05_terrain_extensions_manual\ch05_terrain_extensions_manual.vcxproj", "{18BF0271-3E54-48F5-9F9F-4075448D1DF4}"
	ProjectSection(ProjectDependencies) = postProject
		{5CB3C044-3B90-4915-92A5-02B174C790AC} = {5CB3C044-3B90-4915-92A5-02B174C790AC}
	EndProjectSection
EndProject
Project("{8BC9CEB8-8B4A-11D0-8D11-00A0C91BC942}") = "ch06_robot_kazmath_example", "VC++Projects\ch06_robot_kazmath_example\ch06_robot_kazmath_example.vcxproj", "{C3CA896A-28DB-4E66-9816-C914F950267B}"
	ProjectSection(ProjectDependencies) = postProject
		{5CB3C044-3B90-4915-92A5-02B174C790AC} = {5CB3C044-3B90-4915-92A5-02B174C790AC}
	EndProjectSection
EndProject
Project("{8BC9CEB8-8B4A-11D0-8D11-00A0C91BC942}") = "ch06_terrain_glsl", "VC++Projects\ch06_terrain_glsl\ch06_terrain_glsl.vcxproj", "{38349238-E5FF-495B-8AAA-94ED5157833B}"
	ProjectSection(ProjectDependencies) = postProject
		{5CB3C044-3B90-4915-92A5-02B174C790AC} = {5CB3C044-3B90-4915-92A5-02B174C790AC}
	EndProjectSection
EndProject
Project("{8BC9CEB8-8B4A-11D0-8D11-00A0C91BC942}") = "ch07_terrain_simple_texture", "VC++Projects\ch07_terrain_simple_texture\ch07_terrain_simple_texture.vcxproj", "{5BB9B7B1-1E08-4A0F-8E78-A61B1CD4E814}"
	ProjectSection(ProjectDependencies) = postProject
		{5CB3C044-3B90-4915-92A5-02B174C790AC} = {5CB3C044-3B90-4915-92A5-02B174C790AC}
	EndProjectSection
EndProject
Project("{8BC9CEB8-8B4A-11D0-8D11-00A0C91BC942}") = "ch07_texture_wrap_modes", "VC++Projects\ch07_texture_wrap_modes\ch07_texture_wrap_modes.vcxproj", "{1A26E5BB-0551-4CED-BBCA-44433A4A8AE5}"
	ProjectSection(ProjectDependencies) = postProject
		{5CB3C044-3B90-4915-92A5-02B174C790AC} = {5CB3C044-3B90-4915-92A5-02B174C790AC}
	EndProjectSection
EndProject
Project("{8BC9CEB8-8B4A-11D0-8D11-00A0C91BC942}") = "ch08_blending", "VC++Projects\ch08_blending\ch08_blending.vcxproj", "{7EBDC5EE-B69E-46CB-9F21-5E284C3BD2BC}"
	ProjectSection(ProjectDependencies) = postProject
		{5CB3C044-3B90-4915-92A5-02B174C790AC} = {5CB3C044-3B90-4915-92A5-02B174C790AC}
	EndProjectSection
EndProject
Project("{8BC9CEB8-8B4A-11D0-8D11-00A0C91BC942}") = "ch08_multiple_lights", "VC++Projects\ch08_multiple_lights\ch08_multiple_lights.vcxproj", "{641279F8-27B0-4145-BCA7-A1CCCED67028}"
	ProjectSection(ProjectDependencies) = postProject
		{5CB3C044-3B90-4915-92A5-02B174C790AC} = {5CB3C044-3B90-4915-92A5-02B174C790AC}
	EndProjectSection
EndProject
Project("{8BC9CEB8-8B4A-11D0-8D11-00A0C91BC942}") = "ch08_point_light", "VC++Projects\ch08_point_light\ch08_point_light.vcxproj", "{8DF3494A-0385-4593-A18A-CF5B6293CADE}"
	ProjectSection(ProjectDependencies) = postProject
		{5CB3C044-3B90-4915-92A5-02B174C790AC} = {5CB3C044-3B90-4915-92A5-02B174C790AC}
	EndProjectSection
EndProject
Project("{8BC9CEB8-8B4A-11D0-8D11-00A0C91BC942}") = "ch08_point_light_per_pixel", "VC++Projects\ch08_point_light_per_pixel\ch08_point_light_per_pixel.vcxproj", "{4990B62F-C5D0-4643-B5FC-C95F47F10FA1}"
	ProjectSection(ProjectDependencies) = postProject
		{5CB3C044-3B90-4915-92A5-02B174C790AC} = {5CB3C044-3B90-4915-92A5-02B174C790AC}
	EndProjectSection
EndProject
Project("{8BC9CEB8-8B4A-11D0-8D11-00A0C91BC942}") = "ch08_simple_fog", "VC++Projects\ch08_simple_fog\ch08_simple_fog.vcxproj", "{F0BF189D-D9E5-437B-9F98-344879DD21DB}"
	ProjectSection(ProjectDependencies) = postProject
		{5CB3C044-3B90-4915-92A5-02B174C790AC} = {5CB3C044-3B90-4915-92A5-02B174C790AC}
	EndProjectSection
EndProject
Project("{8BC9CEB8-8B4A-11D0-8D11-00A0C91BC942}") = "ch08_terrain_lighting", "VC++Projects\ch08_terrain_lighting\ch8_terrain_lighting.vcxproj", "{D9A619C5-26D1-40C2-B998-92A0D4865296}"
	ProjectSection(ProjectDependencies) = postProject
		{5CB3C044-3B90-4915-92A5-02B174C790AC} = {5CB3C044-3B90-4915-92A5-02B174C790AC}
	EndProjectSection
EndProject
Project("{8BC9CEB8-8B4A-11D0-8D11-00A0C91BC942}") = "ch09_alpha_test", "VC++Projects\ch09_alpha_test\ch9_alpha_test.vcxproj", "{AC7E2967-0A03-4630-8800-81B9AAE4E8C6}"
	ProjectSection(ProjectDependencies) = postProject
		{5CB3C044-3B90-4915-92A5-02B174C790AC} = {5CB3C044-3B90-4915-92A5-02B174C790AC}
	EndProjectSection
EndProject
Project("{8BC9CEB8-8B4A-11D0-8D11-00A0C91BC942}") = "ch09_cube_mapping", "VC++Projects\ch09_cube_mapping\ch9_cube_mapping.vcxproj", "{FA63B4E6-D28E-4968-A431-572B1D10C917}"
	ProjectSection(ProjectDependencies) = postProject
		{5CB3C044-3B90-4915-92A5-02B174C790AC} = {5CB3C044-3B90-4915-92A5-02B174C790AC}
	EndProjectSection
EndProject
Project("{8BC9CEB8-8B4A-11D0-8D11-00A0C91BC942}") = "ch09_multitexture", "VC++Projects\ch09_multitexture\ch9_multitexture.vcxproj", "{7395CB4F-45A3-4336-A8C4-1D0FF547D1E0}"
	ProjectSection(ProjectDependencies) = postProject
		{5CB3C044-3B90-4915-92A5-02B174C790AC} = {5CB3C044-3B90-4915-92A5-02B174C790AC}
	EndProjectSection
EndProject
Project("{8BC9CEB8-8B4A-11D0-8D11-00A0C91BC942}") = "ch13_ogro_invasion", "VC++Projects\ch13_ogro_invasion\ch13_ogro_invasion.vcxproj", "{9E70D809-D21E-4BA9-8F63-B6FFAE1FD270}"
EndProject
Global
	GlobalSection(SolutionConfigurationPlatforms) = preSolution
		Debug|Win32 = Debug|Win32
		Release|Win32 = Release|Win32
	EndGlobalSection
	GlobalSection(ProjectConfigurationPlatforms) = postSolution
		{5CB3C044-3B90-4915-92A5-02B174C790AC}.Debug|Win32.ActiveCfg = Debug|Win32
		{5CB3C044-3B90-4915-92A5-02B174C790AC}.Debug|Win32.Build.0 = Debug|Win32
		{5CB3C044-3B90-4915-92A5-02B174C790AC}.Release|Win32.ActiveCfg = Release|Win32
		{5CB3C044-3B90-4915-92A5-02B174C790AC}.Release|Win32.Build.0 = Release|Win32
		{DCE7C7CB-A782-41EC-BBF1-BAB80E52E8A2}.Debug|Win32.ActiveCfg = Debug|Win32
		{DCE7C7CB-A782-41EC-BBF1-BAB80E52E8A2}.Debug|Win32.Build.0 = Debug|Win32
		{DCE7C7CB-A782-41EC-BBF1-BAB80E52E8A2}.Release|Win32.ActiveCfg = Release|Win32
		{DCE7C7CB-A782-41EC-BBF1-BAB80E52E8A2}.Release|Win32.Build.0 = Release|Win32
		{9473E46E-B397-4D10-A20C-B75F7E9BD796}.Debug|Win32.ActiveCfg = Debug|Win32
		{9473E46E-B397-4D10-A20C-B75F7E9BD796}.Debug|Win32.Build.0 = Debug|Win32
		{9473E46E-B397-4D10-A20C-B75F7E9BD796}.Release|Win32.ActiveCfg = Release|Win32
		{9473E46E-B397-4D10-A20C-B75F7E9BD796}.Release|Win32.Build.0 = Release|Win32
		{B47C602F-B127-495B-A31B-1751DA6A9A87}.Debug|Win32.ActiveCfg = Debug|Win32
		{B47C602F-B127-495B-A31B-1751DA6A9A87}.Debug|Win32.Build.0 = Debug|Win32
		{B47C602F-B127-495B-A31B-1751DA6A9A87}.Release|Win32.ActiveCfg = Release|Win32
		{B47C602F-B127-495B-A31B-1751DA6A9A87}.Release|Win32.Build.0 = Release|Win32
		{9C25EBBB-12A4-4CAE-BE99-8C5456D80711}.Debug|Win32.ActiveCfg = Debug|Win32
		{9C25EBBB-12A4-4CAE-BE99-8C5456D80711}.Debug|Win32.Build.0 = Debug|Win32
		{9C25EBBB-12A4-4CAE-BE99-8C5456D80711}.Release|Win32.ActiveCfg = Release|Win32
		{9C25EBBB-12A4-4CAE-BE99-8C5456D80711}.Release|Win32.Build.0 = Release|Win32
		{74869FB3-31FA-4395-9743-BBD574F2E6A4}.Debug|Win32.ActiveCfg = Debug|Win32
		{74869FB3-31FA-4395-9743-BBD574F2E6A4}.Debug|Win32.Build.0 = Debug|Win32
		{74869FB3-31FA-4395-9743-BBD574F2E6A4}.Release|Win32.ActiveCfg = Release|Win32
		{74869FB3-31FA-4395-9743-BBD574F2E6A4}.Release|Win32.Build.0 = Release|Win32
		{357E6993-1969-4B46-93E8-646C6DF58CB8}.Debug|Win32.ActiveCfg = Debug|Win32
		{357E6993-1969-4B46-93E8-646C6DF58CB8}.Debug|Win32.Build.0 = Debug|Win32
		{357E6993-1969-4B46-93E8-646C6DF58CB8}.Release|Win32.ActiveCfg = Release|Win32
		{357E6993-1969-4B46-93E8-646C6DF58CB8}.Release|Win32.Build.0 = Release|Win32
		{48B621E5-F6DD-4601-8636-D525292FB6C0}.Debug|Win32.ActiveCfg = Debug|Win32
		{48B621E5-F6DD-4601-8636-D525292FB6C0}.Debug|Win32.Build.0 = Debug|Win32
		{48B621E5-F6DD-4601-8636-D525292FB6C0}.Release|Win32.ActiveCfg = Release|Win32
		{48B621E5-F6DD-4601-8636-D525292FB6C0}.Release|Win32.Build.0 = Release|Win32
		{CA6F8B6F-36DD-4D1D-8936-9A3D06FE59A9}.Debug|Win32.ActiveCfg = Debug|Win32
		{CA6F8B6F-36DD-4D1D-8936-9A3D06FE59A9}.Debug|Win32.Build.0 = Debug|Win32
		{CA6F8B6F-36DD-4D1D-8936-9A3D06FE59A9}.Release|Win32.ActiveCfg = Release|Win32
		{CA6F8B6F-36DD-4D1D-8936-9A3D06FE59A9}.Release|Win32.Build.0 = Release|Win32
		{B363A8BD-471D-49A3-B21E-7FE09B94756B}.Debug|Win32.ActiveCfg = Debug|Win32
		{B363A8BD-471D-49A3-B21E-7FE09B94756B}.Debug|Win32.Build.0 = Debug|Win32
		{B363A8BD-471D-49A3-B21E-7FE09B94756B}.Release|Win32.ActiveCfg = Release|Win32
		{B363A8BD-471D-49A3-B21E-7FE09B94756B}.Release|Win32.Build.0 = Release|Win32
		{7B544B92-EC6F-4492-B439-B601E4859D0C}.Debug|Win32.ActiveCfg = Debug|Win32
		{7B544B92-EC6F-4492-B439-B601E4859D0C}.Debug|Win32.Build.0 = Debug|Win32
		{7B544B92-EC6F-4492-B439-B601E4859D0C}.Release|Win32.ActiveCfg = Release|Win32
		{7B544B92-EC6F-4492-B439-B601E4859D0C}.Release|Win32.Build.0 = Release|Win32
		{7AE2E09C-35B3-410B-99A9-8EA8445E033E}.Debug|Win32.ActiveCfg = Debug|Win32
		{7AE2E09C-35B3-410B-99A9-8EA8445E033E}.Debug|Win32.Build.0 = Debug|Win32
		{7AE2E09C-35B3-410B-99A9-8EA8445E033E}.Release|Win32.ActiveCfg = Release|Win32
		{7AE2E09C-35B3-410B-99A9-8EA8445E033E}.Release|Win32.Build.0 = Release|Win32
		{61B21038-3E4A-4FD2-A591-732C56E7C5A0}.Debug|Win32.ActiveCfg = Debug|Win32
		{61B21038-3E4A-4FD2-A591-732C56E7C5A0}.Debug|Win32.Build.0 = Debug|Win32
		{61B21038-3E4A-4FD2-A591-732C56E7C5A0}.Release|Win32.ActiveCfg = Release|Win32
		{61B21038-3E4A-4FD2-A591-732C56E7C5A0}.Release|Win32.Build.0 = Release|Win32
		{57D6B5DB-F74E-4345-BE52-E5BE2084C7B5}.Debug|Win32.ActiveCfg = Debug|Win32
		{57D6B5DB-F74E-4345-BE52-E5BE2084C7B5}.Debug|Win32.Build.0 = Debug|Win32
		{57D6B5DB-F74E-4345-BE52-E5BE2084C7B5}.Release|Win32.ActiveCfg = Release|Win32
		{57D6B5DB-F74E-4345-BE52-E5BE2084C7B5}.Release|Win32.Build.0 = Release|Win32
		{958B2738-A807-4010-B1BB-A9D0B3B65141}.Debug|Win32.ActiveCfg = Debug|Win32
		{958B2738-A807-4010-B1BB-A9D0B3B65141}.Debug|Win32.Build.0 = Debug|Win32
		{958B2738-A807-4010-B1BB-A9D0B3B65141}.Release|Win32.ActiveCfg = Release|Win32
		{958B2738-A807-4010-B1BB-A9D0B3B65141}.Release|Win32.Build.0 = Release|Win32
		{BF26000A-9D11-4186-BB5A-1BA2806C013D}.Debug|Win32.ActiveCfg = Debug|Win32
		{BF26000A-9D11-4186-BB5A-1BA2806C013D}.Debug|Win32.Build.0 = Debug|Win32
		{BF26000A-9D11-4186-BB5A-1BA2806C013D}.Release|Win32.ActiveCfg = Release|Win32
		{BF26000A-9D11-4186-BB5A-1BA2806C013D}.Release|Win32.Build.0 = Release|Win32
		{514B2F1F-60F7-4FE7-95F0-325595F0C052}.Debug|Win32.ActiveCfg = Debug|Win32
		{514B2F1F-60F7-4FE7-95F0-325595F0C052}.Debug|Win32.Build.0 = Debug|Win32
		{514B2F1F-60F7-4FE7-95F0-325595F0C052}.Release|Win32.ActiveCfg = Release|Win32
		{514B2F1F-60F7-4FE7-95F0-325595F0C052}.Release|Win32.Build.0 = Release|Win32
		{9FBF31CD-005F-4C5E-BE03-F8A314162A11}.Debug|Win32.ActiveCfg = Debug|Win32
		{9FBF31CD-005F-4C5E-BE03-F8A314162A11}.Debug|Win32.Build.0 = Debug|Win32
		{9FBF31CD-005F-4C5E-BE03-F8A314162A11}.Release|Win32.ActiveCfg = Release|Win32
		{9FBF31CD-005F-4C5E-BE03-F8A314162A11}.Release|Win32.Build.0 = Release|Win32
		{0E371323-4420-4B57-B72B-57DF186D130A}.Debug|Win32.ActiveCfg = Debug|Win32
		{0E371323-4420-4B57-B72B-57DF186D130A}.Debug|Win32.Build.0 = Debug|Win32
		{0E371323-4420-4B57-B72B-57DF186D130A}.Release|Win32.ActiveCfg = Release|Win32
		{0E371323-4420-4B57-B72B-57DF186D130A}.Release|Win32.Build.0 = Release|Win32
		{92C901A4-796F-40C0-B784-EEA0F4300582}.Debug|Win32.ActiveCfg = Debug|Win32
		{92C901A4-796F-40C0-B784-EEA0F4300582}.Debug|Win32.Build.0 = Debug|Win32
		{92C901A4-796F-40C0-B784-EEA0F4300582}.Release|Win32.ActiveCfg = Release|Win32
		{92C901A4-796F-40C0-B784-EEA0F4300582}.Release|Win32.Build.0 = Release|Win32
		{BDA5AE6F-BA37-488C-B74F-F050D8ED186F}.Debug|Win32.ActiveCfg = Debug|Win32
		{BDA5AE6F-BA37-488C-B74F-F050D8ED186F}.Debug|Win32.Build.0 = Debug|Win32
		{BDA5AE6F-BA37-488C-B74F-F050D8ED186F}.Release|Win32.ActiveCfg = Release|Win32
		{BDA5AE6F-BA37-488C-B74F-F050D8ED186F}.Release|Win32.Build.0 = Release|Win32
		{41DCAAB9-ED69-4514-9C3A-B6C383325208}.Debug|Win32.ActiveCfg = Debug|Win32
		{41DCAAB9-ED69-4514-9C3A-B6C383325208}.Debug|Win32.Build.0 = Debug|Win32
		{41DCAAB9-ED69-4514-9C3A-B6C383325208}.Release|Win32.ActiveCfg = Release|Win32
		{41DCAAB9-ED69-4514-9C3A-B6C383325208}.Release|Win32.Build.0 = Release|Win32
		{883FA48A-2E20-4032-B8A8-C4B47A02413D}.Debug|Win32.ActiveCfg = Debug|Win32
		{883FA48A-2E20-4032-B8A8-C4B47A02413D}.Debug|Win32.Build.0 = Debug|Win32
		{883FA48A-2E20-4032-B8A8-C4B47A02413D}.Release|Win32.ActiveCfg = Release|Win32
		{883FA48A-2E20-4032-B8A8-C4B47A02413D}.Release|Win32.Build.0 = Release|Win32
		{18BF0271-3E54-48F5-9F9F-4075448D1DF4}.Debug|Win32.ActiveCfg = Debug|Win32
		{18BF0271-3E54-48F5-9F9F-4075448D1DF4}.Debug|Win32.Build.0 = Debug|Win32
		{18BF0271-3E54-48F5-9F9F-4075448D1DF4}.Release|Win32.ActiveCfg = Release|Win32
		{18BF0271-3E54-48F5-9F9F-4075448D1DF4}.Release|Win32.Build.0 = Release|Win32
		{C3CA896A-28DB-4E66-9816-C914F950267B}.Debug|Win32.ActiveCfg = Debug|Win32
		{C3CA896A-28DB-4E66-9816-C914F950267B}.Debug|Win32.Build.0 = Debug|Win32
		{C3CA896A-28DB-4E66-9816-C914F950267B}.Release|Win32.ActiveCfg = Release|Win32
		{C3CA896A-28DB-4E66-9816-C914F950267B}.Release|Win32.Build.0 = Release|Win32
		{38349238-E5FF-495B-8AAA-94ED5157833B}.Debug|Win32.ActiveCfg = Debug|Win32
		{38349238-E5FF-495B-8AAA-94ED5157833B}.Debug|Win32.Build.0 = Debug|Win32
		{38349238-E5FF-495B-8AAA-94ED5157833B}.Release|Win32.ActiveCfg = Release|Win32
		{38349238-E5FF-495B-8AAA-94ED5157833B}.Release|Win32.Build.0 = Release|Win32
		{5BB9B7B1-1E08-4A0F-8E78-A61B1CD4E814}.Debug|Win32.ActiveCfg = Debug|Win32
		{5BB9B7B1-1E08-4A0F-8E78-A61B1CD4E814}.Debug|Win32.Build.0 = Debug|Win32
		{5BB9B7B1-1E08-4A0F-8E78-A61B1CD4E814}.Release|Win32.ActiveCfg = Release|Win32
		{5BB9B7B1-1E08-4A0F-8E78-A61B1CD4E814}.Release|Win32.Build.0 = Release|Win32
		{1A26E5BB-0551-4CED-BBCA-44433A4A8AE5}.Debug|Win32.ActiveCfg = Debug|Win32
		{1A26E5BB-0551-4CED-BBCA-44433A4A8AE5}.Debug|Win32.Build.0 = Debug|Win32
		{1A26E5BB-0551-4CED-BBCA-44433A4A8AE5}.Release|Win32.ActiveCfg = Release|Win32
		{1A26E5BB-0551-4CED-BBCA-44433A4A8AE5}.Release|Win32.Build.0 = Release|Win32
		{7EBDC5EE-B69E-46CB-9F21-5E284C3BD2BC}.Debug|Win32.ActiveCfg = Debug|Win32
		{7EBDC5EE-B69E-46CB-9F21-5E284C3BD2BC}.Debug|Win32.Build.0 = Debug|Win32
		{7EBDC5EE-B69E-46CB-9F21-5E284C3BD2BC}.Release|Win32.ActiveCfg = Release|Win32
		{7EBDC5EE-B69E-46CB-9F21-5E284C3BD2BC}.Release|Win32.Build.0 = Release|Win32
		{641279F8-27B0-4145-BCA7-A1CCCED67028}.Debug|Win32.ActiveCfg = Debug|Win32
		{641279F8-27B0-4145-BCA7-A1CCCED67028}.Debug|Win32.Build.0 = Debug|Win32
		{641279F8-27B0-4145-BCA7-A1CCCED67028}.Release|Win32.ActiveCfg = Release|Win32
		{641279F8-27B0-4145-BCA7-A1CCCED67028}.Release|Win32.Build.0 = Release|Win32
		{8DF3494A-0385-4593-A18A-CF5B6293CADE}.Debug|Win32.ActiveCfg = Debug|Win32
		{8DF3494A-0385-4593-A18A-CF5B6293CADE}.Debug|Win32.Build.0 = Debug|Win32
		{8DF3494A-0385-4593-A18A-CF5B6293CADE}.Release|Win32.ActiveCfg = Release|Win32
		{8DF3494A-0385-4593-A18A-CF5B6293CADE}.Release|Win32.Build.0 = Release|Win32
		{4990B62F-C5D0-4643-B5FC-C95F47F10FA1}.Debug|Win32.ActiveCfg = Debug|Win32
		{4990B62F-C5D0-4643-B5FC-C95F47F10FA1}.Debug|Win32.Build.0 = Debug|Win32
		{4990B62F-C5D0-4643-B5FC-C95F47F10FA1}.Release|Win32.ActiveCfg = Release|Win32
		{4990B62F-C5D0-4643-B5FC-C95F47F10FA1}.Release|Win32.Build.0 = Release|Win32
		{F0BF189D-D9E5-437B-9F98-344879DD21DB}.Debug|Win32.ActiveCfg = Debug|Win32
		{F0BF189D-D9E5-437B-9F98-344879DD21DB}.Debug|Win32.Build.0 = Debug|Win32
		{F0BF189D-D9E5-437B-9F98-344879DD21DB}.Release|Win32.ActiveCfg = Release|Win32
		{F0BF189D-D9E5-437B-9F98-344879DD21DB}.Release|Win32.Build.0 = Release|Win32
		{D9A619C5-26D1-40C2-B998-92A0D4865296}.Debug|Win32.ActiveCfg = Debug|Win32
		{D9A619C5-26D1-40C2-B998-92A0D4865296}.Debug|Win32.Build.0 = Debug|Win32
		{D9A619C5-26D1-40C2-B998-92A0D4865296}.Release|Win32.ActiveCfg = Release|Win32
		{D9A619C5-26D1-40C2-B998-92A0D4865296}.Release|Win32.Build.0 = Release|Win32
		{AC7E2967-0A03-4630-8800-81B9AAE4E8C6}.Debug|Win32.ActiveCfg = Debug|Win32
		{AC7E2967-0A03-4630-8800-81B9AAE4E8C6}.Debug|Win32.Build.0 = Debug|Win32
		{AC7E2967-0A03-4630-8800-81B9AAE4E8C6}.Release|Win32.ActiveCfg = Release|Win32
		{AC7E2967-0A03-4630-8800-81B9AAE4E8C6}.Release|Win32.Build.0 = Release|Win32
		{FA63B4E6-D28E-4968-A431-572B1D10C917}.Debug|Win32.ActiveCfg = Debug|Win32
		{FA63B4E6-D28E-4968-A431-572B1D10C917}.Debug|Win32.Build.0 = Debug|Win32
		{FA63B4E6-D28E-4968-A431-572B1D10C917}.Release|Win32.ActiveCfg = Release|Win32
		{FA63B4E6-D28E-4968-A431-572B1D10C917}.Release|Win32.Build.0 = Release|Win32
		{7395CB4F-45A3-4336-A8C4-1D0FF547D1E0}.Debug|Win32.ActiveCfg = Debug|Win32
		{7395CB4F-45A3-4336-A8C4-1D0FF547D1E0}.Debug|Win32.Build.0 = Debug|Win32
		{7395CB4F-45A3-4336-A8C4-1D0FF547D1E0}.Release|Win32.ActiveCfg = Release|Win32
		{7395CB4F-45A3-4336-A8C4-1D0FF547D1E0}.Release|Win32.Build.0 = Release|Win32
		{9E70D809-D21E-4BA9-8F63-B6FFAE1FD270}.Debug|Win32.ActiveCfg = Debug|Win32
		{9E70D809-D21E-4BA9-8F63-B6FFAE1FD270}.Debug|Win32.Build.0 = Debug|Win32
		{9E70D809-D21E-4BA9-8F63-B6FFAE1FD270}.Release|Win32.ActiveCfg = Release|Win32
		{9E70D809-D21E-4BA9-8F63-B6FFAE1FD270}.Release|Win32.Build.0 = Release|Win32
	EndGlobalSection
	GlobalSection(SolutionProperties) = preSolution
		HideSolutionNode = FALSE
	EndGlobalSection
EndGlobal
